{
  "name": "starting-website",
  "version": "1.0.0",
  "lockfileVersion": 1,
  "requires": true,
  "dependencies": {
    "color": {
      "version": "4.0.0",
      "resolved": "https://registry.npmjs.org/color/-/color-4.0.0.tgz",
      "integrity": "sha512-aVUOa5aYWJSimvei14J5rdxLeljG0EB/uXTovVaaSokW+D4MsAz3MrKsRNaKqPa2KL7Wfvh7PZyIIaaX4lYdzQ==",
      "requires": {
        "color-convert": "^2.0.1",
        "color-string": "^1.6.0"
      }
    },
    "color-convert": {
      "version": "2.0.1",
      "resolved": "https://registry.npmjs.org/color-convert/-/color-convert-2.0.1.tgz",
      "integrity": "sha512-RRECPsj7iu/xb5oKYcsFHSppFNnsj/52OVTRKb4zP5onXwVF3zVmmToNcOfGC+CRDpfK/U584fMg38ZHCaElKQ==",
      "requires": {
        "color-name": "~1.1.4"
      }
    },
    "color-name": {
      "version": "1.1.4",
      "resolved": "https://registry.npmjs.org/color-name/-/color-name-1.1.4.tgz",
      "integrity": "sha512-dOy+3AuW3a2wNbZHIuMZpTcgjGuLU/uBL/ubcZF9OXbDo8ff4O8yVp5Bf0efS8uEoYo5q4Fx7dY9OgQGXgAsQA=="
    },
    "color-string": {
      "version": "1.6.0",
      "resolved": "https://registry.npmjs.org/color-string/-/color-string-1.6.0.tgz",
      "integrity": "sha512-c/hGS+kRWJutUBEngKKmk4iH3sD59MBkoxVapS/0wgpCz2u7XsNloxknyvBhzwEs1IbV36D9PwqLPJ2DTu3vMA==",
      "requires": {
        "color-name": "^1.0.0",
        "simple-swizzle": "^0.2.2"
      }
    },
    "is-arrayish": {
      "version": "0.3.2",
      "resolved": "https://registry.npmjs.org/is-arrayish/-/is-arrayish-0.3.2.tgz",
      "integrity": "sha512-eVRqCvVlZbuw3GrM63ovNSNAeA1K16kaR/LRY/92w0zxQ5/1YzwblUX652i4Xs9RwAGjW9d9y6X88t8OaAJfWQ=="
    },
    "sass-colors": {
      "version": "1.0.14",
      "resolved": "https://registry.npmjs.org/sass-colors/-/sass-colors-1.0.14.tgz",
      "integrity": "sha512-zrLbG2XIk0p15/H6INiAClX2I2GbzPphxJ0fNnQZ1QROTS3ooynJPN772w7TeORkxBLhsA35amkIFZeyc21DgA=="
    },
    "simple-colors-scss": {
      "version": "0.4.0",
      "resolved": "https://registry.npmjs.org/simple-colors-scss/-/simple-colors-scss-0.4.0.tgz",
      "integrity": "sha512-aRwGDV6TgddRyZyJe9CStXKRKrBvOUayHPtYLOwEi0+pd9+bf3ec2NT3veAqbXE0IxRuwM1t8etdkMf5deKMdg=="
    },
    "simple-swizzle": {
      "version": "0.2.2",
      "resolved": "https://registry.npmjs.org/simple-swizzle/-/simple-swizzle-0.2.2.tgz",
      "integrity": "sha1-pNprY1/8zMoz9w0Xy5JZLeleVXo=",
      "requires": {
        "is-arrayish": "^0.3.1"
      }
    }
  }
}
